
Microsoft Visual Studio Solution File, Format Version 12.00
# Visual Studio 15
VisualStudioVersion = 15.0.35319.79
MinimumVisualStudioVersion = 10.0.40219.1
Project("{FAE04EC0-301F-11D3-BF4B-00C04F79EFBC}") = "NtpCalismaSorulari", "NtpCalismaSorulari\NtpCalismaSorulari.csproj", "{0EBFE3BD-4EF7-4E00-8A9D-83CFB08E5939}"
EndProject
Global
	GlobalSection(SolutionConfigurationPlatforms) = preSolution
		Debug|Any CPU = Debug|Any CPU
		Release|Any CPU = Release|Any CPU
	EndGlobalSection
	GlobalSection(ProjectConfigurationPlatforms) = postSolution
		{0EBFE3BD-4EF7-4E00-8A9D-83CFB08E5939}.Debug|Any CPU.ActiveCfg = Debug|Any CPU
		{0EBFE3BD-4EF7-4E00-8A9D-83CFB08E5939}.Debug|Any CPU.Build.0 = Debug|Any CPU
		{0EBFE3BD-4EF7-4E00-8A9D-83CFB08E5939}.Release|Any CPU.ActiveCfg = Release|Any CPU
		{0EBFE3BD-4EF7-4E00-8A9D-83CFB08E5939}.Release|Any CPU.Build.0 = Release|Any CPU
	EndGlobalSection
	GlobalSection(SolutionProperties) = preSolution
		HideSolutionNode = FALSE
	EndGlobalSection
	GlobalSection(ExtensibilityGlobals) = postSolution
		SolutionGuid = {A76444E8-D47F-4D02-ADED-097127C081A3}
	EndGlobalSection
EndGlobal
